
Microsoft Visual Studio Solution File, Format Version 12.00
# Visual Studio Version 17
VisualStudioVersion = 17.14.36414.22 d17.14
MinimumVisualStudioVersion = 10.0.40219.1
Project("{2150E333-8FDC-42A3-9474-1A3956D46DE8}") = "src", "src", "{02EA681E-C7D8-13C7-8484-4AC65E1B71E8}"
EndProject
Project("{2150E333-8FDC-42A3-9474-1A3956D46DE8}") = "ContentModeration", "ContentModeration", "{6DCAD018-C053-49AF-9B9D-5BC769B076C2}"
EndProject
Project("{2150E333-8FDC-42A3-9474-1A3956D46DE8}") = "Tests", "Tests", "{67891A7C-CFC8-4390-A7E2-F4532D501456}"
EndProject
Project("{2150E333-8FDC-42A3-9474-1A3956D46DE8}") = "docs", "docs", "{1935615E-DD76-407F-8ACE-D9D0AEF64913}"
EndProject
Project("{2150E333-8FDC-42A3-9474-1A3956D46DE8}") = "Models", "Models", "{D6BE5859-82FC-4177-83E3-300500EBA153}"
EndProject
Project("{FAE04EC0-301F-11D3-BF4B-00C04F79EFBC}") = "AzureAI.ContentModeration.Text", "AzureAI.ContentModeration.Text\AzureAI.ContentModeration.Text.csproj", "{ADED6B91-64D4-46AD-9EDE-724ADD1D59F5}"
EndProject
Project("{2150E333-8FDC-42A3-9474-1A3956D46DE8}") = "Utility", "Utility", "{F0EB1926-F289-441A-8422-D9B5AD467865}"
EndProject
Project("{FAE04EC0-301F-11D3-BF4B-00C04F79EFBC}") = "AzureAI.Core", "AzureAI.Core\AzureAI.Core.csproj", "{1C018C42-1313-4F9C-9C29-989F9583FF98}"
EndProject
Project("{2150E333-8FDC-42A3-9474-1A3956D46DE8}") = "Interfaces", "Interfaces", "{6725D64C-7835-4BD4-A1B6-0C1CE66AD549}"
	ProjectSection(SolutionItems) = preProject
		AzureAI.Core\IAzureConfig.cs = AzureAI.Core\IAzureConfig.cs
	EndProjectSection
EndProject
Project("{FAE04EC0-301F-11D3-BF4B-00C04F79EFBC}") = "AzureAiFundamentals.Test", "AzureAiFundamentals.Test\AzureAiFundamentals.Test.csproj", "{FC62BDFD-5EB7-4FD7-B89A-DA770B8F5530}"
EndProject
Project("{FAE04EC0-301F-11D3-BF4B-00C04F79EFBC}") = "ContentModeration.Console", "ContentModeration.Console\ContentModeration.Console.csproj", "{A9FEE981-0B42-465F-AE4A-9C9008ABB316}"
EndProject
Global
	GlobalSection(SolutionConfigurationPlatforms) = preSolution
		Debug|Any CPU = Debug|Any CPU
		Release|Any CPU = Release|Any CPU
	EndGlobalSection
	GlobalSection(ProjectConfigurationPlatforms) = postSolution
		{ADED6B91-64D4-46AD-9EDE-724ADD1D59F5}.Debug|Any CPU.ActiveCfg = Debug|Any CPU
		{ADED6B91-64D4-46AD-9EDE-724ADD1D59F5}.Debug|Any CPU.Build.0 = Debug|Any CPU
		{ADED6B91-64D4-46AD-9EDE-724ADD1D59F5}.Release|Any CPU.ActiveCfg = Release|Any CPU
		{ADED6B91-64D4-46AD-9EDE-724ADD1D59F5}.Release|Any CPU.Build.0 = Release|Any CPU
		{1C018C42-1313-4F9C-9C29-989F9583FF98}.Debug|Any CPU.ActiveCfg = Debug|Any CPU
		{1C018C42-1313-4F9C-9C29-989F9583FF98}.Debug|Any CPU.Build.0 = Debug|Any CPU
		{1C018C42-1313-4F9C-9C29-989F9583FF98}.Release|Any CPU.ActiveCfg = Release|Any CPU
		{1C018C42-1313-4F9C-9C29-989F9583FF98}.Release|Any CPU.Build.0 = Release|Any CPU
		{FC62BDFD-5EB7-4FD7-B89A-DA770B8F5530}.Debug|Any CPU.ActiveCfg = Debug|Any CPU
		{FC62BDFD-5EB7-4FD7-B89A-DA770B8F5530}.Debug|Any CPU.Build.0 = Debug|Any CPU
		{FC62BDFD-5EB7-4FD7-B89A-DA770B8F5530}.Release|Any CPU.ActiveCfg = Release|Any CPU
		{FC62BDFD-5EB7-4FD7-B89A-DA770B8F5530}.Release|Any CPU.Build.0 = Release|Any CPU
		{A9FEE981-0B42-465F-AE4A-9C9008ABB316}.Debug|Any CPU.ActiveCfg = Debug|Any CPU
		{A9FEE981-0B42-465F-AE4A-9C9008ABB316}.Debug|Any CPU.Build.0 = Debug|Any CPU
		{A9FEE981-0B42-465F-AE4A-9C9008ABB316}.Release|Any CPU.ActiveCfg = Release|Any CPU
		{A9FEE981-0B42-465F-AE4A-9C9008ABB316}.Release|Any CPU.Build.0 = Release|Any CPU
	EndGlobalSection
	GlobalSection(SolutionProperties) = preSolution
		HideSolutionNode = FALSE
	EndGlobalSection
	GlobalSection(NestedProjects) = preSolution
		{6DCAD018-C053-49AF-9B9D-5BC769B076C2} = {02EA681E-C7D8-13C7-8484-4AC65E1B71E8}
		{D6BE5859-82FC-4177-83E3-300500EBA153} = {6DCAD018-C053-49AF-9B9D-5BC769B076C2}
		{ADED6B91-64D4-46AD-9EDE-724ADD1D59F5} = {6DCAD018-C053-49AF-9B9D-5BC769B076C2}
		{F0EB1926-F289-441A-8422-D9B5AD467865} = {02EA681E-C7D8-13C7-8484-4AC65E1B71E8}
		{1C018C42-1313-4F9C-9C29-989F9583FF98} = {F0EB1926-F289-441A-8422-D9B5AD467865}
		{6725D64C-7835-4BD4-A1B6-0C1CE66AD549} = {F0EB1926-F289-441A-8422-D9B5AD467865}
		{FC62BDFD-5EB7-4FD7-B89A-DA770B8F5530} = {67891A7C-CFC8-4390-A7E2-F4532D501456}
		{A9FEE981-0B42-465F-AE4A-9C9008ABB316} = {6DCAD018-C053-49AF-9B9D-5BC769B076C2}
	EndGlobalSection
	GlobalSection(ExtensibilityGlobals) = postSolution
		SolutionGuid = {579AC858-639A-4992-8C7F-3EE93FF9EDAB}
	EndGlobalSection
EndGlobal
